
Microsoft Visual Studio Solution File, Format Version 12.00
# Visual Studio Version 16
VisualStudioVersion = 16.0.31402.337
MinimumVisualStudioVersion = 10.0.40219.1
Project("{9A19103F-16F7-4668-BE54-9A1E7A4F7556}") = "CustomerioChallenge.Web", "CustomerioChallenge.Web\CustomerioChallenge.Web.csproj", "{4A2893D9-5687-471C-985C-607D1B0F60C7}"
EndProject
Project("{9A19103F-16F7-4668-BE54-9A1E7A4F7556}") = "CustomerioChallenge.UnitTests", "CustomerioChallenge.UnitTests\CustomerioChallenge.UnitTests.csproj", "{4550402E-D012-46D5-8ABB-9FF62C6C26C4}"
EndProject
Global
	GlobalSection(SolutionConfigurationPlatforms) = preSolution
		Debug|Any CPU = Debug|Any CPU
		Release|Any CPU = Release|Any CPU
	EndGlobalSection
	GlobalSection(ProjectConfigurationPlatforms) = postSolution
		{4A2893D9-5687-471C-985C-607D1B0F60C7}.Debug|Any CPU.ActiveCfg = Debug|Any CPU
		{4A2893D9-5687-471C-985C-607D1B0F60C7}.Debug|Any CPU.Build.0 = Debug|Any CPU
		{4A2893D9-5687-471C-985C-607D1B0F60C7}.Release|Any CPU.ActiveCfg = Release|Any CPU
		{4A2893D9-5687-471C-985C-607D1B0F60C7}.Release|Any CPU.Build.0 = Release|Any CPU
		{4550402E-D012-46D5-8ABB-9FF62C6C26C4}.Debug|Any CPU.ActiveCfg = Debug|Any CPU
		{4550402E-D012-46D5-8ABB-9FF62C6C26C4}.Debug|Any CPU.Build.0 = Debug|Any CPU
		{4550402E-D012-46D5-8ABB-9FF62C6C26C4}.Release|Any CPU.ActiveCfg = Release|Any CPU
		{4550402E-D012-46D5-8ABB-9FF62C6C26C4}.Release|Any CPU.Build.0 = Release|Any CPU
	EndGlobalSection
	GlobalSection(SolutionProperties) = preSolution
		HideSolutionNode = FALSE
	EndGlobalSection
	GlobalSection(ExtensibilityGlobals) = postSolution
		SolutionGuid = {AADA8FDB-6B22-40B4-97E3-F5C54125F6A0}
	EndGlobalSection
EndGlobal
